
Microsoft Visual Studio Solution File, Format Version 12.00
# Visual Studio Version 17
VisualStudioVersion = 17.3.32929.385
MinimumVisualStudioVersion = 10.0.40219.1
Project("{9A19103F-16F7-4668-BE54-9A1E7A4F7556}") = "Project_ASP_Tedu_MVC_2015", "Project_ASP_Tedu_MVC_2015\Project_ASP_Tedu_MVC_2015.csproj", "{F2FA473B-A258-4854-A8CE-3744F4FF85AE}"
EndProject
Project("{FAE04EC0-301F-11D3-BF4B-00C04F79EFBC}") = "Models", "Models\Models.csproj", "{A4C84DA3-C51C-4FE1-805B-40D2248F5BA7}"
EndProject
Global
	GlobalSection(SolutionConfigurationPlatforms) = preSolution
		Debug|Any CPU = Debug|Any CPU
		Release|Any CPU = Release|Any CPU
	EndGlobalSection
	GlobalSection(ProjectConfigurationPlatforms) = postSolution
		{F2FA473B-A258-4854-A8CE-3744F4FF85AE}.Debug|Any CPU.ActiveCfg = Debug|Any CPU
		{F2FA473B-A258-4854-A8CE-3744F4FF85AE}.Debug|Any CPU.Build.0 = Debug|Any CPU
		{F2FA473B-A258-4854-A8CE-3744F4FF85AE}.Release|Any CPU.ActiveCfg = Release|Any CPU
		{F2FA473B-A258-4854-A8CE-3744F4FF85AE}.Release|Any CPU.Build.0 = Release|Any CPU
		{A4C84DA3-C51C-4FE1-805B-40D2248F5BA7}.Debug|Any CPU.ActiveCfg = Debug|Any CPU
		{A4C84DA3-C51C-4FE1-805B-40D2248F5BA7}.Debug|Any CPU.Build.0 = Debug|Any CPU
		{A4C84DA3-C51C-4FE1-805B-40D2248F5BA7}.Release|Any CPU.ActiveCfg = Release|Any CPU
		{A4C84DA3-C51C-4FE1-805B-40D2248F5BA7}.Release|Any CPU.Build.0 = Release|Any CPU
	EndGlobalSection
	GlobalSection(SolutionProperties) = preSolution
		HideSolutionNode = FALSE
	EndGlobalSection
	GlobalSection(ExtensibilityGlobals) = postSolution
		SolutionGuid = {03AFD186-E2BA-4D8B-8BBF-EE2B4415B87C}
	EndGlobalSection
EndGlobal
